
Microsoft Visual Studio Solution File, Format Version 12.00
# Visual Studio Version 16
VisualStudioVersion = 16.0.30320.27
MinimumVisualStudioVersion = 10.0.40219.1
Project("{FAE04EC0-301F-11D3-BF4B-00C04F79EFBC}") = "Velocity.Core", "Velocity.Core\Velocity.Core.csproj", "{08A860F0-260B-4A26-9A86-4DE1B256DB17}"
EndProject
Project("{FAE04EC0-301F-11D3-BF4B-00C04F79EFBC}") = "Velocity.Data", "Velocity.Data\Velocity.Data.csproj", "{CD179296-0C20-4E0D-A104-205B93C14AE8}"
EndProject
Project("{FAE04EC0-301F-11D3-BF4B-00C04F79EFBC}") = "Velocity.Web", "Velocity.Web\Velocity.Web.csproj", "{D9B6E510-D9E9-4A72-A96D-F598C4E0123E}"
EndProject
Global
	GlobalSection(SolutionConfigurationPlatforms) = preSolution
		Debug|Any CPU = Debug|Any CPU
		Release|Any CPU = Release|Any CPU
	EndGlobalSection
	GlobalSection(ProjectConfigurationPlatforms) = postSolution
		{08A860F0-260B-4A26-9A86-4DE1B256DB17}.Debug|Any CPU.ActiveCfg = Debug|Any CPU
		{08A860F0-260B-4A26-9A86-4DE1B256DB17}.Debug|Any CPU.Build.0 = Debug|Any CPU
		{08A860F0-260B-4A26-9A86-4DE1B256DB17}.Release|Any CPU.ActiveCfg = Release|Any CPU
		{08A860F0-260B-4A26-9A86-4DE1B256DB17}.Release|Any CPU.Build.0 = Release|Any CPU
		{CD179296-0C20-4E0D-A104-205B93C14AE8}.Debug|Any CPU.ActiveCfg = Debug|Any CPU
		{CD179296-0C20-4E0D-A104-205B93C14AE8}.Debug|Any CPU.Build.0 = Debug|Any CPU
		{CD179296-0C20-4E0D-A104-205B93C14AE8}.Release|Any CPU.ActiveCfg = Release|Any CPU
		{CD179296-0C20-4E0D-A104-205B93C14AE8}.Release|Any CPU.Build.0 = Release|Any CPU
		{D9B6E510-D9E9-4A72-A96D-F598C4E0123E}.Debug|Any CPU.ActiveCfg = Debug|Any CPU
		{D9B6E510-D9E9-4A72-A96D-F598C4E0123E}.Debug|Any CPU.Build.0 = Debug|Any CPU
		{D9B6E510-D9E9-4A72-A96D-F598C4E0123E}.Release|Any CPU.ActiveCfg = Release|Any CPU
		{D9B6E510-D9E9-4A72-A96D-F598C4E0123E}.Release|Any CPU.Build.0 = Release|Any CPU
	EndGlobalSection
	GlobalSection(SolutionProperties) = preSolution
		HideSolutionNode = FALSE
	EndGlobalSection
	GlobalSection(ExtensibilityGlobals) = postSolution
		SolutionGuid = {CC8E3AFB-1D43-4809-8E06-4A4B7B4DC1F9}
	EndGlobalSection
EndGlobal
